{
  "requires": true,
  "lockfileVersion": 1,
  "dependencies": {
    "bindings": {
      "version": "1.2.1",
      "resolved": "https://registry.npmjs.org/bindings/-/bindings-1.2.1.tgz",
      "integrity": "sha1-FK1hE4EtLTfXLme0ystLtyZQXxE="
    },
    "lodash": {
      "version": "4.17.4",
      "resolved": "https://registry.npmjs.org/lodash/-/lodash-4.17.4.tgz",
      "integrity": "sha1-eCA6TRwyiuHYbcpkYONptX9AVa4="
    },
    "mcp-spi-adc": {
      "version": "0.4.0",
      "resolved": "https://registry.npmjs.org/mcp-spi-adc/-/mcp-spi-adc-0.4.0.tgz",
      "integrity": "sha1-gqpGGX4Kd0E6XAS8e9OhovE4wd4=",
      "requires": {
        "lodash": "4.17.4",
        "spi-device": "0.2.6"
      }
    },
    "nan": {
      "version": "2.5.1",
      "resolved": "https://registry.npmjs.org/nan/-/nan-2.5.1.tgz",
      "integrity": "sha1-1bAWkSUzJql6K77p5hxV2NYDUeI="
    },
    "spi-device": {
      "version": "0.2.6",
      "resolved": "https://registry.npmjs.org/spi-device/-/spi-device-0.2.6.tgz",
      "integrity": "sha1-tmosN1gAsqgFQXZUIuFU4Ln8bE8=",
      "requires": {
        "bindings": "1.2.1",
        "nan": "2.5.1"
      }
    }
  }
}
